
Microsoft Visual Studio Solution File, Format Version 12.00
# Visual Studio Version 17
VisualStudioVersion = 17.8.34309.116
MinimumVisualStudioVersion = 10.0.40219.1
Project("{2150E333-8FDC-42A3-9474-1A3956D46DE8}") = "Tests", "Tests", "{A9DE1427-99D1-4227-ACE0-944B851138A1}"
EndProject
Project("{2150E333-8FDC-42A3-9474-1A3956D46DE8}") = "Modules", "Modules", "{26CEB8F2-4CB8-4AFF-ADFB-D9A2608CF005}"
EndProject
Project("{9A19103F-16F7-4668-BE54-9A1E7A4F7556}") = "MossWPF.Modules.MossRequest", "MossWPF\Modules\MossWPF.Modules.MossRequest\MossWPF.Modules.MossRequest.csproj", "{4B88BAF7-B7BB-4401-8882-C981E084923F}"
EndProject
Project("{2150E333-8FDC-42A3-9474-1A3956D46DE8}") = "Services", "Services", "{EAE22E15-E6B4-4E5D-A65C-AB78F69186FA}"
EndProject
Project("{9A19103F-16F7-4668-BE54-9A1E7A4F7556}") = "MossWPF", "MossWPF\MossWPF\MossWPF.csproj", "{DC3B24BE-B004-497E-AA84-F613C5908E4F}"
EndProject
Project("{9A19103F-16F7-4668-BE54-9A1E7A4F7556}") = "MossWPF.Core", "MossWPF\MossWPF.Core\MossWPF.Core.csproj", "{586F7F8E-CB41-45B2-9DC4-33B63DF718F4}"
EndProject
Project("{9A19103F-16F7-4668-BE54-9A1E7A4F7556}") = "MossWPF.Services", "MossWPF\Services\MossWPF.Services\MossWPF.Services.csproj", "{683EFE99-E2A7-49D8-B086-F93F48C8C818}"
EndProject
Project("{9A19103F-16F7-4668-BE54-9A1E7A4F7556}") = "MossWPF.Services.Interfaces", "MossWPF\Services\MossWPF.Services.Interfaces\MossWPF.Services.Interfaces.csproj", "{368D1BCD-1F08-4FA4-9236-623DFF2C4C79}"
EndProject
Project("{9A19103F-16F7-4668-BE54-9A1E7A4F7556}") = "MossWPF.Domain", "MossWPF\MossWPF.Domain\MossWPF.Domain.csproj", "{0D30C9D3-A5AB-4BF3-BECB-8A39B8AD4EBA}"
EndProject
Project("{9A19103F-16F7-4668-BE54-9A1E7A4F7556}") = "MossWPF.Tests", "MossWPF\Tests\MossWPF.Tests\MossWPF.Tests.csproj", "{CE251436-60B7-4704-B673-A3EFC12DE94D}"
EndProject
Project("{2150E333-8FDC-42A3-9474-1A3956D46DE8}") = "Solution Items", "Solution Items", "{F5D423D5-43D8-4DA0-8C1F-645EB8B2AF01}"
	ProjectSection(SolutionItems) = preProject
		.editorconfig = .editorconfig
	EndProjectSection
EndProject
Project("{FAE04EC0-301F-11D3-BF4B-00C04F79EFBC}") = "MossWPF.Data", "MossWPF.Data\MossWPF.Data.csproj", "{7F4DBFE3-BDFE-4F0B-9B6F-9A1D0724BAA8}"
EndProject
Project("{FAE04EC0-301F-11D3-BF4B-00C04F79EFBC}") = "MossWPF.Modules.MossResult", "MossWPF\Modules\MossWPF.Modules.MossResult\MossWPF.Modules.MossResult.csproj", "{F115FFE1-5970-4806-9F96-6AE7708C2A1E}"
EndProject
Global
	GlobalSection(SolutionConfigurationPlatforms) = preSolution
		Debug|Any CPU = Debug|Any CPU
		Release|Any CPU = Release|Any CPU
	EndGlobalSection
	GlobalSection(ProjectConfigurationPlatforms) = postSolution
		{4B88BAF7-B7BB-4401-8882-C981E084923F}.Debug|Any CPU.ActiveCfg = Debug|Any CPU
		{4B88BAF7-B7BB-4401-8882-C981E084923F}.Debug|Any CPU.Build.0 = Debug|Any CPU
		{4B88BAF7-B7BB-4401-8882-C981E084923F}.Release|Any CPU.ActiveCfg = Release|Any CPU
		{4B88BAF7-B7BB-4401-8882-C981E084923F}.Release|Any CPU.Build.0 = Release|Any CPU
		{DC3B24BE-B004-497E-AA84-F613C5908E4F}.Debug|Any CPU.ActiveCfg = Debug|Any CPU
		{DC3B24BE-B004-497E-AA84-F613C5908E4F}.Debug|Any CPU.Build.0 = Debug|Any CPU
		{DC3B24BE-B004-497E-AA84-F613C5908E4F}.Release|Any CPU.ActiveCfg = Release|Any CPU
		{DC3B24BE-B004-497E-AA84-F613C5908E4F}.Release|Any CPU.Build.0 = Release|Any CPU
		{586F7F8E-CB41-45B2-9DC4-33B63DF718F4}.Debug|Any CPU.ActiveCfg = Debug|Any CPU
		{586F7F8E-CB41-45B2-9DC4-33B63DF718F4}.Debug|Any CPU.Build.0 = Debug|Any CPU
		{586F7F8E-CB41-45B2-9DC4-33B63DF718F4}.Release|Any CPU.ActiveCfg = Release|Any CPU
		{586F7F8E-CB41-45B2-9DC4-33B63DF718F4}.Release|Any CPU.Build.0 = Release|Any CPU
		{683EFE99-E2A7-49D8-B086-F93F48C8C818}.Debug|Any CPU.ActiveCfg = Debug|Any CPU
		{683EFE99-E2A7-49D8-B086-F93F48C8C818}.Debug|Any CPU.Build.0 = Debug|Any CPU
		{683EFE99-E2A7-49D8-B086-F93F48C8C818}.Release|Any CPU.ActiveCfg = Release|Any CPU
		{683EFE99-E2A7-49D8-B086-F93F48C8C818}.Release|Any CPU.Build.0 = Release|Any CPU
		{368D1BCD-1F08-4FA4-9236-623DFF2C4C79}.Debug|Any CPU.ActiveCfg = Debug|Any CPU
		{368D1BCD-1F08-4FA4-9236-623DFF2C4C79}.Debug|Any CPU.Build.0 = Debug|Any CPU
		{368D1BCD-1F08-4FA4-9236-623DFF2C4C79}.Release|Any CPU.ActiveCfg = Release|Any CPU
		{368D1BCD-1F08-4FA4-9236-623DFF2C4C79}.Release|Any CPU.Build.0 = Release|Any CPU
		{0D30C9D3-A5AB-4BF3-BECB-8A39B8AD4EBA}.Debug|Any CPU.ActiveCfg = Debug|Any CPU
		{0D30C9D3-A5AB-4BF3-BECB-8A39B8AD4EBA}.Debug|Any CPU.Build.0 = Debug|Any CPU
		{0D30C9D3-A5AB-4BF3-BECB-8A39B8AD4EBA}.Release|Any CPU.ActiveCfg = Release|Any CPU
		{0D30C9D3-A5AB-4BF3-BECB-8A39B8AD4EBA}.Release|Any CPU.Build.0 = Release|Any CPU
		{CE251436-60B7-4704-B673-A3EFC12DE94D}.Debug|Any CPU.ActiveCfg = Debug|Any CPU
		{CE251436-60B7-4704-B673-A3EFC12DE94D}.Debug|Any CPU.Build.0 = Debug|Any CPU
		{CE251436-60B7-4704-B673-A3EFC12DE94D}.Release|Any CPU.ActiveCfg = Release|Any CPU
		{CE251436-60B7-4704-B673-A3EFC12DE94D}.Release|Any CPU.Build.0 = Release|Any CPU
		{7F4DBFE3-BDFE-4F0B-9B6F-9A1D0724BAA8}.Debug|Any CPU.ActiveCfg = Debug|Any CPU
		{7F4DBFE3-BDFE-4F0B-9B6F-9A1D0724BAA8}.Debug|Any CPU.Build.0 = Debug|Any CPU
		{7F4DBFE3-BDFE-4F0B-9B6F-9A1D0724BAA8}.Release|Any CPU.ActiveCfg = Release|Any CPU
		{7F4DBFE3-BDFE-4F0B-9B6F-9A1D0724BAA8}.Release|Any CPU.Build.0 = Release|Any CPU
		{F115FFE1-5970-4806-9F96-6AE7708C2A1E}.Debug|Any CPU.ActiveCfg = Debug|Any CPU
		{F115FFE1-5970-4806-9F96-6AE7708C2A1E}.Debug|Any CPU.Build.0 = Debug|Any CPU
		{F115FFE1-5970-4806-9F96-6AE7708C2A1E}.Release|Any CPU.ActiveCfg = Release|Any CPU
		{F115FFE1-5970-4806-9F96-6AE7708C2A1E}.Release|Any CPU.Build.0 = Release|Any CPU
	EndGlobalSection
	GlobalSection(SolutionProperties) = preSolution
		HideSolutionNode = FALSE
	EndGlobalSection
	GlobalSection(NestedProjects) = preSolution
		{4B88BAF7-B7BB-4401-8882-C981E084923F} = {26CEB8F2-4CB8-4AFF-ADFB-D9A2608CF005}
		{683EFE99-E2A7-49D8-B086-F93F48C8C818} = {EAE22E15-E6B4-4E5D-A65C-AB78F69186FA}
		{368D1BCD-1F08-4FA4-9236-623DFF2C4C79} = {EAE22E15-E6B4-4E5D-A65C-AB78F69186FA}
		{CE251436-60B7-4704-B673-A3EFC12DE94D} = {A9DE1427-99D1-4227-ACE0-944B851138A1}
		{F115FFE1-5970-4806-9F96-6AE7708C2A1E} = {26CEB8F2-4CB8-4AFF-ADFB-D9A2608CF005}
	EndGlobalSection
	GlobalSection(ExtensibilityGlobals) = postSolution
		SolutionGuid = {C1740380-AE4C-4E64-A446-B303273A84E1}
	EndGlobalSection
EndGlobal
